// !$*UTF8*$!
{
	archiveVersion = 1;
	classes = {
	};
	objectVersion = 46;
	objects = {

/* Begin PBXBuildFile section */
		3F1F345E1D2D875B0042AF8F /* AppDelegate.swift in Sources */ = {isa = PBXBuildFile; fileRef = 3F1F345D1D2D875B0042AF8F /* AppDelegate.swift */; };
		3F1F34601D2D875B0042AF8F /* GameScene.sks in Resources */ = {isa = PBXBuildFile; fileRef = 3F1F345F1D2D875B0042AF8F /* GameScene.sks */; };
		3F1F34621D2D875B0042AF8F /* GameScene.swift in Sources */ = {isa = PBXBuildFile; fileRef = 3F1F34611D2D875B0042AF8F /* GameScene.swift */; };
		3F1F34641D2D875B0042AF8F /* GameViewController.swift in Sources */ = {isa = PBXBuildFile; fileRef = 3F1F34631D2D875B0042AF8F /* GameViewController.swift */; };
		3F1F34671D2D875B0042AF8F /* Main.storyboard in Resources */ = {isa = PBXBuildFile; fileRef = 3F1F34651D2D875B0042AF8F /* Main.storyboard */; };
		3F1F34691D2D875B0042AF8F /* Assets.xcassets in Resources */ = {isa = PBXBuildFile; fileRef = 3F1F34681D2D875B0042AF8F /* Assets.xcassets */; };
		3F1F346C1D2D875B0042AF8F /* LaunchScreen.storyboard in Resources */ = {isa = PBXBuildFile; fileRef = 3F1F346A1D2D875B0042AF8F /* LaunchScreen.storyboard */; };
		3F1F34771D2D875B0042AF8F /* Bullet_Hell_v2Tests.swift in Sources */ = {isa = PBXBuildFile; fileRef = 3F1F34761D2D875B0042AF8F /* Bullet_Hell_v2Tests.swift */; };
		3F1F34821D2D875B0042AF8F /* Bullet_Hell_v2UITests.swift in Sources */ = {isa = PBXBuildFile; fileRef = 3F1F34811D2D875B0042AF8F /* Bullet_Hell_v2UITests.swift */; };
		3F1F34961D2DC74C0042AF8F /* playerImagesv1.atlas in Resources */ = {isa = PBXBuildFile; fileRef = 3F1F34951D2DC74C0042AF8F /* playerImagesv1.atlas */; };
		3F1F349A1D2DCAFA0042AF8F /* enemyT1Images.atlas in Resources */ = {isa = PBXBuildFile; fileRef = 3F1F34991D2DCAFA0042AF8F /* enemyT1Images.atlas */; };
		47AEF31B1D2F4689005E0280 /* enemyT2Images.atlas in Resources */ = {isa = PBXBuildFile; fileRef = 47AEF31A1D2F4689005E0280 /* enemyT2Images.atlas */; };
		7DFC7FD720047297000B141A /* enemyClass.swift in Sources */ = {isa = PBXBuildFile; fileRef = 7DFC7FD620047297000B141A /* enemyClass.swift */; };
		7DFC7FD9200472C0000B141A /* soldierEnemyClass.swift in Sources */ = {isa = PBXBuildFile; fileRef = 7DFC7FD8200472C0000B141A /* soldierEnemyClass.swift */; };
		7DFC7FDF2004750C000B141A /* healthBarClass.swift in Sources */ = {isa = PBXBuildFile; fileRef = 7DFC7FDE2004750C000B141A /* healthBarClass.swift */; };
/* End PBXBuildFile section */

/* Begin PBXContainerItemProxy section */
		3F1F34731D2D875B0042AF8F /* PBXContainerItemProxy */ = {
			isa = PBXContainerItemProxy;
			containerPortal = 3F1F34521D2D875B0042AF8F /* Project object */;
			proxyType = 1;
			remoteGlobalIDString = 3F1F34591D2D875B0042AF8F;
			remoteInfo = "Bullet Hell v2";
		};
		3F1F347E1D2D875B0042AF8F /* PBXContainerItemProxy */ = {
			isa = PBXContainerItemProxy;
			containerPortal = 3F1F34521D2D875B0042AF8F /* Project object */;
			proxyType = 1;
			remoteGlobalIDString = 3F1F34591D2D875B0042AF8F;
			remoteInfo = "Bullet Hell v2";
		};
/* End PBXContainerItemProxy section */

/* Begin PBXFileReference section */
		3F1F345A1D2D875B0042AF8F /* Bullet Hell v2.app */ = {isa = PBXFileReference; explicitFileType = wrapper.application; includeInIndex = 0; path = "Bullet Hell v2.app"; sourceTree = BUILT_PRODUCTS_DIR; };
		3F1F345D1D2D875B0042AF8F /* AppDelegate.swift */ = {isa = PBXFileReference; lastKnownFileType = sourcecode.swift; path = AppDelegate.swift; sourceTree = "<group>"; };
		3F1F345F1D2D875B0042AF8F /* GameScene.sks */ = {isa = PBXFileReference; lastKnownFileType = file.sks; path = GameScene.sks; sourceTree = "<group>"; };
		3F1F34611D2D875B0042AF8F /* GameScene.swift */ = {isa = PBXFileReference; lastKnownFileType = sourcecode.swift; path = GameScene.swift; sourceTree = "<group>"; };
		3F1F34631D2D875B0042AF8F /* GameViewController.swift */ = {isa = PBXFileReference; lastKnownFileType = sourcecode.swift; path = GameViewController.swift; sourceTree = "<group>"; };
		3F1F34661D2D875B0042AF8F /* Base */ = {isa = PBXFileReference; lastKnownFileType = file.storyboard; name = Base; path = Base.lproj/Main.storyboard; sourceTree = "<group>"; };
		3F1F34681D2D875B0042AF8F /* Assets.xcassets */ = {isa = PBXFileReference; lastKnownFileType = folder.assetcatalog; path = Assets.xcassets; sourceTree = "<group>"; };
		3F1F346B1D2D875B0042AF8F /* Base */ = {isa = PBXFileReference; lastKnownFileType = file.storyboard; name = Base; path = Base.lproj/LaunchScreen.storyboard; sourceTree = "<group>"; };
		3F1F346D1D2D875B0042AF8F /* Info.plist */ = {isa = PBXFileReference; lastKnownFileType = text.plist.xml; path = Info.plist; sourceTree = "<group>"; };
		3F1F34721D2D875B0042AF8F /* Bullet Hell v2Tests.xctest */ = {isa = PBXFileReference; explicitFileType = wrapper.cfbundle; includeInIndex = 0; path = "Bullet Hell v2Tests.xctest"; sourceTree = BUILT_PRODUCTS_DIR; };
		3F1F34761D2D875B0042AF8F /* Bullet_Hell_v2Tests.swift */ = {isa = PBXFileReference; lastKnownFileType = sourcecode.swift; path = Bullet_Hell_v2Tests.swift; sourceTree = "<group>"; };
		3F1F34781D2D875B0042AF8F /* Info.plist */ = {isa = PBXFileReference; lastKnownFileType = text.plist.xml; path = Info.plist; sourceTree = "<group>"; };
		3F1F347D1D2D875B0042AF8F /* Bullet Hell v2UITests.xctest */ = {isa = PBXFileReference; explicitFileType = wrapper.cfbundle; includeInIndex = 0; path = "Bullet Hell v2UITests.xctest"; sourceTree = BUILT_PRODUCTS_DIR; };
		3F1F34811D2D875B0042AF8F /* Bullet_Hell_v2UITests.swift */ = {isa = PBXFileReference; lastKnownFileType = sourcecode.swift; path = Bullet_Hell_v2UITests.swift; sourceTree = "<group>"; };
		3F1F34831D2D875B0042AF8F /* Info.plist */ = {isa = PBXFileReference; lastKnownFileType = text.plist.xml; path = Info.plist; sourceTree = "<group>"; };
		3F1F34951D2DC74C0042AF8F /* playerImagesv1.atlas */ = {isa = PBXFileReference; lastKnownFileType = folder.skatlas; path = playerImagesv1.atlas; sourceTree = "<group>"; };
		3F1F34991D2DCAFA0042AF8F /* enemyT1Images.atlas */ = {isa = PBXFileReference; lastKnownFileType = folder.skatlas; path = enemyT1Images.atlas; sourceTree = "<group>"; };
		47AEF31A1D2F4689005E0280 /* enemyT2Images.atlas */ = {isa = PBXFileReference; lastKnownFileType = folder.skatlas; path = enemyT2Images.atlas; sourceTree = "<group>"; };
		7DFC7FD620047297000B141A /* enemyClass.swift */ = {isa = PBXFileReference; lastKnownFileType = sourcecode.swift; path = enemyClass.swift; sourceTree = "<group>"; };
		7DFC7FD8200472C0000B141A /* soldierEnemyClass.swift */ = {isa = PBXFileReference; lastKnownFileType = sourcecode.swift; path = soldierEnemyClass.swift; sourceTree = "<group>"; };
		7DFC7FDE2004750C000B141A /* healthBarClass.swift */ = {isa = PBXFileReference; lastKnownFileType = sourcecode.swift; path = healthBarClass.swift; sourceTree = "<group>"; };
/* End PBXFileReference section */

/* Begin PBXFrameworksBuildPhase section */
		3F1F34571D2D875B0042AF8F /* Frameworks */ = {
			isa = PBXFrameworksBuildPhase;
			buildActionMask = 2147483647;
			files = (
			);
			runOnlyForDeploymentPostprocessing = 0;
		};
		3F1F346F1D2D875B0042AF8F /* Frameworks */ = {
			isa = PBXFrameworksBuildPhase;
			buildActionMask = 2147483647;
			files = (
			);
			runOnlyForDeploymentPostprocessing = 0;
		};
		3F1F347A1D2D875B0042AF8F /* Frameworks */ = {
			isa = PBXFrameworksBuildPhase;
			buildActionMask = 2147483647;
			files = (
			);
			runOnlyForDeploymentPostprocessing = 0;
		};
/* End PBXFrameworksBuildPhase section */

/* Begin PBXGroup section */
		3F1F34511D2D875B0042AF8F = {
			isa = PBXGroup;
			children = (
				3F1F345C1D2D875B0042AF8F /* Bullet Hell v2 */,
				3F1F34751D2D875B0042AF8F /* Bullet Hell v2Tests */,
				3F1F34801D2D875B0042AF8F /* Bullet Hell v2UITests */,
				3F1F345B1D2D875B0042AF8F /* Products */,
			);
			sourceTree = "<group>";
		};
		3F1F345B1D2D875B0042AF8F /* Products */ = {
			isa = PBXGroup;
			children = (
				3F1F345A1D2D875B0042AF8F /* Bullet Hell v2.app */,
				3F1F34721D2D875B0042AF8F /* Bullet Hell v2Tests.xctest */,
				3F1F347D1D2D875B0042AF8F /* Bullet Hell v2UITests.xctest */,
			);
			name = Products;
			sourceTree = "<group>";
		};
		3F1F345C1D2D875B0042AF8F /* Bullet Hell v2 */ = {
			isa = PBXGroup;
			children = (
				3F1F345D1D2D875B0042AF8F /* AppDelegate.swift */,
				3F1F345F1D2D875B0042AF8F /* GameScene.sks */,
				3F1F34611D2D875B0042AF8F /* GameScene.swift */,
				3F1F34631D2D875B0042AF8F /* GameViewController.swift */,
				3F1F34651D2D875B0042AF8F /* Main.storyboard */,
				3F1F34681D2D875B0042AF8F /* Assets.xcassets */,
				3F1F346A1D2D875B0042AF8F /* LaunchScreen.storyboard */,
				3F1F346D1D2D875B0042AF8F /* Info.plist */,
				47AEF31A1D2F4689005E0280 /* enemyT2Images.atlas */,
				3F1F34991D2DCAFA0042AF8F /* enemyT1Images.atlas */,
				3F1F34951D2DC74C0042AF8F /* playerImagesv1.atlas */,
				7DFC7FD620047297000B141A /* enemyClass.swift */,
				7DFC7FD8200472C0000B141A /* soldierEnemyClass.swift */,
				7DFC7FDE2004750C000B141A /* healthBarClass.swift */,
			);
			path = "Bullet Hell v2";
			sourceTree = "<group>";
		};
		3F1F34751D2D875B0042AF8F /* Bullet Hell v2Tests */ = {
			isa = PBXGroup;
			children = (
				3F1F34761D2D875B0042AF8F /* Bullet_Hell_v2Tests.swift */,
				3F1F34781D2D875B0042AF8F /* Info.plist */,
			);
			name = "Bullet Hell v2Tests";
			path = "Bullet Hell v2Tests ";
			sourceTree = "<group>";
		};
		3F1F34801D2D875B0042AF8F /* Bullet Hell v2UITests */ = {
			isa = PBXGroup;
			children = (
				3F1F34811D2D875B0042AF8F /* Bullet_Hell_v2UITests.swift */,
				3F1F34831D2D875B0042AF8F /* Info.plist */,
			);
			path = "Bullet Hell v2UITests";
			sourceTree = "<group>";
		};
/* End PBXGroup section */

/* Begin PBXNativeTarget section */
		3F1F34591D2D875B0042AF8F /* Bullet Hell v2 */ = {
			isa = PBXNativeTarget;
			buildConfigurationList = 3F1F34861D2D875B0042AF8F /* Build configuration list for PBXNativeTarget "Bullet Hell v2" */;
			buildPhases = (
				3F1F34561D2D875B0042AF8F /* Sources */,
				3F1F34571D2D875B0042AF8F /* Frameworks */,
				3F1F34581D2D875B0042AF8F /* Resources */,
			);
			buildRules = (
			);
			dependencies = (
			);
			name = "Bullet Hell v2";
			productName = "Bullet Hell v2";
			productReference = 3F1F345A1D2D875B0042AF8F /* Bullet Hell v2.app */;
			productType = "com.apple.product-type.application";
		};
		3F1F34711D2D875B0042AF8F /* Bullet Hell v2Tests */ = {
			isa = PBXNativeTarget;
			buildConfigurationList = 3F1F34891D2D875B0042AF8F /* Build configuration list for PBXNativeTarget "Bullet Hell v2Tests" */;
			buildPhases = (
				3F1F346E1D2D875B0042AF8F /* Sources */,
				3F1F346F1D2D875B0042AF8F /* Frameworks */,
				3F1F34701D2D875B0042AF8F /* Resources */,
			);
			buildRules = (
			);
			dependencies = (
				3F1F34741D2D875B0042AF8F /* PBXTargetDependency */,
			);
			name = "Bullet Hell v2Tests";
			productName = "Bullet Hell v2Tests";
			productReference = 3F1F34721D2D875B0042AF8F /* Bullet Hell v2Tests.xctest */;
			productType = "com.apple.product-type.bundle.unit-test";
		};
		3F1F347C1D2D875B0042AF8F /* Bullet Hell v2UITests */ = {
			isa = PBXNativeTarget;
			buildConfigurationList = 3F1F348C1D2D875B0042AF8F /* Build configuration list for PBXNativeTarget "Bullet Hell v2UITests" */;
			buildPhases = (
				3F1F34791D2D875B0042AF8F /* Sources */,
				3F1F347A1D2D875B0042AF8F /* Frameworks */,
				3F1F347B1D2D875B0042AF8F /* Resources */,
			);
			buildRules = (
			);
			dependencies = (
				3F1F347F1D2D875B0042AF8F /* PBXTargetDependency */,
			);
			name = "Bullet Hell v2UITests";
			productName = "Bullet Hell v2UITests";
			productReference = 3F1F347D1D2D875B0042AF8F /* Bullet Hell v2UITests.xctest */;
			productType = "com.apple.product-type.bundle.ui-testing";
		};
/* End PBXNativeTarget section */

/* Begin PBXProject section */
		3F1F34521D2D875B0042AF8F /* Project object */ = {
			isa = PBXProject;
			attributes = {
				LastSwiftMigration = 0730;
				LastSwiftUpdateCheck = 0730;
				LastUpgradeCheck = 0920;
				ORGANIZATIONNAME = DMA;
				TargetAttributes = {
					3F1F34591D2D875B0042AF8F = {
						CreatedOnToolsVersion = 7.3.1;
						DevelopmentTeam = SUPYGAPUR8;
						LastSwiftMigration = 0920;
					};
					3F1F34711D2D875B0042AF8F = {
						CreatedOnToolsVersion = 7.3.1;
						LastSwiftMigration = 0920;
						TestTargetID = 3F1F34591D2D875B0042AF8F;
					};
					3F1F347C1D2D875B0042AF8F = {
						CreatedOnToolsVersion = 7.3.1;
						LastSwiftMigration = 0920;
						TestTargetID = 3F1F34591D2D875B0042AF8F;
					};
				};
			};
			buildConfigurationList = 3F1F34551D2D875B0042AF8F /* Build configuration list for PBXProject "Bullet Hell v2" */;
			compatibilityVersion = "Xcode 3.2";
			developmentRegion = English;
			hasScannedForEncodings = 0;
			knownRegions = (
				en,
				Base,
			);
			mainGroup = 3F1F34511D2D875B0042AF8F;
			productRefGroup = 3F1F345B1D2D875B0042AF8F /* Products */;
			projectDirPath = "";
			projectRoot = "";
			targets = (
				3F1F34591D2D875B0042AF8F /* Bullet Hell v2 */,
				3F1F34711D2D875B0042AF8F /* Bullet Hell v2Tests */,
				3F1F347C1D2D875B0042AF8F /* Bullet Hell v2UITests */,
			);
		};
/* End PBXProject section */

/* Begin PBXResourcesBuildPhase section */
		3F1F34581D2D875B0042AF8F /* Resources */ = {
			isa = PBXResourcesBuildPhase;
			buildActionMask = 2147483647;
			files = (
				3F1F34601D2D875B0042AF8F /* GameScene.sks in Resources */,
				3F1F349A1D2DCAFA0042AF8F /* enemyT1Images.atlas in Resources */,
				3F1F346C1D2D875B0042AF8F /* LaunchScreen.storyboard in Resources */,
				3F1F34691D2D875B0042AF8F /* Assets.xcassets in Resources */,
				3F1F34671D2D875B0042AF8F /* Main.storyboard in Resources */,
				3F1F34961D2DC74C0042AF8F /* playerImagesv1.atlas in Resources */,
				47AEF31B1D2F4689005E0280 /* enemyT2Images.atlas in Resources */,
			);
			runOnlyForDeploymentPostprocessing = 0;
		};
		3F1F34701D2D875B0042AF8F /* Resources */ = {
			isa = PBXResourcesBuildPhase;
			buildActionMask = 2147483647;
			files = (
			);
			runOnlyForDeploymentPostprocessing = 0;
		};
		3F1F347B1D2D875B0042AF8F /* Resources */ = {
			isa = PBXResourcesBuildPhase;
			buildActionMask = 2147483647;
			files = (
			);
			runOnlyForDeploymentPostprocessing = 0;
		};
/* End PBXResourcesBuildPhase section */

/* Begin PBXSourcesBuildPhase section */
		3F1F34561D2D875B0042AF8F /* Sources */ = {
			isa = PBXSourcesBuildPhase;
			buildActionMask = 2147483647;
			files = (
				3F1F34621D2D875B0042AF8F /* GameScene.swift in Sources */,
				3F1F34641D2D875B0042AF8F /* GameViewController.swift in Sources */,
				7DFC7FDF2004750C000B141A /* healthBarClass.swift in Sources */,
				3F1F345E1D2D875B0042AF8F /* AppDelegate.swift in Sources */,
				7DFC7FD9200472C0000B141A /* soldierEnemyClass.swift in Sources */,
				7DFC7FD720047297000B141A /* enemyClass.swift in Sources */,
			);
			runOnlyForDeploymentPostprocessing = 0;
		};
		3F1F346E1D2D875B0042AF8F /* Sources */ = {
			isa = PBXSourcesBuildPhase;
			buildActionMask = 2147483647;
			files = (
				3F1F34771D2D875B0042AF8F /* Bullet_Hell_v2Tests.swift in Sources */,
			);
			runOnlyForDeploymentPostprocessing = 0;
		};
		3F1F34791D2D875B0042AF8F /* Sources */ = {
			isa = PBXSourcesBuildPhase;
			buildActionMask = 2147483647;
			files = (
				3F1F34821D2D875B0042AF8F /* Bullet_Hell_v2UITests.swift in Sources */,
			);
			runOnlyForDeploymentPostprocessing = 0;
		};
/* End PBXSourcesBuildPhase section */

/* Begin PBXTargetDependency section */
		3F1F34741D2D875B0042AF8F /* PBXTargetDependency */ = {
			isa = PBXTargetDependency;
			target = 3F1F34591D2D875B0042AF8F /* Bullet Hell v2 */;
			targetProxy = 3F1F34731D2D875B0042AF8F /* PBXContainerItemProxy */;
		};
		3F1F347F1D2D875B0042AF8F /* PBXTargetDependency */ = {
			isa = PBXTargetDependency;
			target = 3F1F34591D2D875B0042AF8F /* Bullet Hell v2 */;
			targetProxy = 3F1F347E1D2D875B0042AF8F /* PBXContainerItemProxy */;
		};
/* End PBXTargetDependency section */

/* Begin PBXVariantGroup section */
		3F1F34651D2D875B0042AF8F /* Main.storyboard */ = {
			isa = PBXVariantGroup;
			children = (
				3F1F34661D2D875B0042AF8F /* Base */,
			);
			name = Main.storyboard;
			sourceTree = "<group>";
		};
		3F1F346A1D2D875B0042AF8F /* LaunchScreen.storyboard */ = {
			isa = PBXVariantGroup;
			children = (
				3F1F346B1D2D875B0042AF8F /* Base */,
			);
			name = LaunchScreen.storyboard;
			sourceTree = "<group>";
		};
/* End PBXVariantGroup section */

/* Begin XCBuildConfiguration section */
		3F1F34841D2D875B0042AF8F /* Debug */ = {
			isa = XCBuildConfiguration;
			buildSettings = {
				ALWAYS_SEARCH_USER_PATHS = NO;
				CLANG_ANALYZER_NONNULL = YES;
				CLANG_CXX_LANGUAGE_STANDARD = "gnu++0x";
				CLANG_CXX_LIBRARY = "libc++";
				CLANG_ENABLE_MODULES = YES;
				CLANG_ENABLE_OBJC_ARC = YES;
				CLANG_WARN_BLOCK_CAPTURE_AUTORELEASING = YES;
				CLANG_WARN_BOOL_CONVERSION = YES;
				CLANG_WARN_COMMA = YES;
				CLANG_WARN_CONSTANT_CONVERSION = YES;
				CLANG_WARN_DIRECT_OBJC_ISA_USAGE = YES_ERROR;
				CLANG_WARN_EMPTY_BODY = YES;
				CLANG_WARN_ENUM_CONVERSION = YES;
				CLANG_WARN_INFINITE_RECURSION = YES;
				CLANG_WARN_INT_CONVERSION = YES;
				CLANG_WARN_NON_LITERAL_NULL_CONVERSION = YES;
				CLANG_WARN_OBJC_LITERAL_CONVERSION = YES;
				CLANG_WARN_OBJC_ROOT_CLASS = YES_ERROR;
				CLANG_WARN_RANGE_LOOP_ANALYSIS = YES;
				CLANG_WARN_STRICT_PROTOTYPES = YES;
				CLANG_WARN_SUSPICIOUS_MOVE = YES;
				CLANG_WARN_UNREACHABLE_CODE = YES;
				CLANG_WARN__DUPLICATE_METHOD_MATCH = YES;
				"CODE_SIGN_IDENTITY[sdk=iphoneos*]" = "iPhone Developer";
				COPY_PHASE_STRIP = NO;
				DEBUG_INFORMATION_FORMAT = "dwarf-with-dsym";
				ENABLE_STRICT_OBJC_MSGSEND = YES;
				ENABLE_TESTABILITY = YES;
				GCC_C_LANGUAGE_STANDARD = gnu99;
				GCC_DYNAMIC_NO_PIC = NO;
				GCC_NO_COMMON_BLOCKS = YES;
				GCC_OPTIMIZATION_LEVEL = 0;
				GCC_PREPROCESSOR_DEFINITIONS = (
					"DEBUG=1",
					"$(inherited)",
				);
				GCC_WARN_64_TO_32_BIT_CONVERSION = YES;
				GCC_WARN_ABOUT_RETURN_TYPE = YES_ERROR;
				GCC_WARN_UNDECLARED_SELECTOR = YES;
				GCC_WARN_UNINITIALIZED_AUTOS = YES_AGGRESSIVE;
				GCC_WARN_UNUSED_FUNCTION = YES;
				GCC_WARN_UNUSED_VARIABLE = YES;
				IPHONEOS_DEPLOYMENT_TARGET = 9.3;
				MTL_ENABLE_DEBUG_INFO = YES;
				ONLY_ACTIVE_ARCH = YES;
				SDKROOT = iphoneos;
				SWIFT_OPTIMIZATION_LEVEL = "-Onone";
				TARGETED_DEVICE_FAMILY = "1,2";
			};
			name = Debug;
		};
		3F1F34851D2D875B0042AF8F /* Release */ = {
			isa = XCBuildConfiguration;
			buildSettings = {
				ALWAYS_SEARCH_USER_PATHS = NO;
				CLANG_ANALYZER_NONNULL = YES;
				CLANG_CXX_LANGUAGE_STANDARD = "gnu++0x";
				CLANG_CXX_LIBRARY = "libc++";
				CLANG_ENABLE_MODULES = YES;
				CLANG_ENABLE_OBJC_ARC = YES;
				CLANG_WARN_BLOCK_CAPTURE_AUTORELEASING = YES;
				CLANG_WARN_BOOL_CONVERSION = YES;
				CLANG_WARN_COMMA = YES;
				CLANG_WARN_CONSTANT_CONVERSION = YES;
				CLANG_WARN_DIRECT_OBJC_ISA_USAGE = YES_ERROR;
				CLANG_WARN_EMPTY_BODY = YES;
				CLANG_WARN_ENUM_CONVERSION = YES;
				CLANG_WARN_INFINITE_RECURSION = YES;
				CLANG_WARN_INT_CONVERSION = YES;
				CLANG_WARN_NON_LITERAL_NULL_CONVERSION = YES;
				CLANG_WARN_OBJC_LITERAL_CONVERSION = YES;
				CLANG_WARN_OBJC_ROOT_CLASS = YES_ERROR;
				CLANG_WARN_RANGE_LOOP_ANALYSIS = YES;
				CLANG_WARN_STRICT_PROTOTYPES = YES;
				CLANG_WARN_SUSPICIOUS_MOVE = YES;
				CLANG_WARN_UNREACHABLE_CODE = YES;
				CLANG_WARN__DUPLICATE_METHOD_MATCH = YES;
				"CODE_SIGN_IDENTITY[sdk=iphoneos*]" = "iPhone Developer";
				COPY_PHASE_STRIP = NO;
				DEBUG_INFORMATION_FORMAT = "dwarf-with-dsym";
				ENABLE_NS_ASSERTIONS = NO;
				ENABLE_STRICT_OBJC_MSGSEND = YES;
				GCC_C_LANGUAGE_STANDARD = gnu99;
				GCC_NO_COMMON_BLOCKS = YES;
				GCC_WARN_64_TO_32_BIT_CONVERSION = YES;
				GCC_WARN_ABOUT_RETURN_TYPE = YES_ERROR;
				GCC_WARN_UNDECLARED_SELECTOR = YES;
				GCC_WARN_UNINITIALIZED_AUTOS = YES_AGGRESSIVE;
				GCC_WARN_UNUSED_FUNCTION = YES;
				GCC_WARN_UNUSED_VARIABLE = YES;
				IPHONEOS_DEPLOYMENT_TARGET = 9.3;
				MTL_ENABLE_DEBUG_INFO = NO;
				SDKROOT = iphoneos;
				SWIFT_OPTIMIZATION_LEVEL = "-Owholemodule";
				TARGETED_DEVICE_FAMILY = "1,2";
				VALIDATE_PRODUCT = YES;
			};
			name = Release;
		};
		3F1F34871D2D875B0042AF8F /* Debug */ = {
			isa = XCBuildConfiguration;
			buildSettings = {
				ASSETCATALOG_COMPILER_APPICON_NAME = AppIcon;
				CODE_SIGN_IDENTITY = "iPhone Developer";
				"CODE_SIGN_IDENTITY[sdk=iphoneos*]" = "iPhone Developer";
				INFOPLIST_FILE = "Bullet Hell v2/Info.plist";
				LD_RUNPATH_SEARCH_PATHS = "$(inherited) @executable_path/Frameworks";
				PRODUCT_BUNDLE_IDENTIFIER = "com.rahul.Bullet-Hell-v2";
				PRODUCT_NAME = "$(TARGET_NAME)";
				PROVISIONING_PROFILE = "";
				SWIFT_SWIFT3_OBJC_INFERENCE = Default;
				SWIFT_VERSION = 4.0;
			};
			name = Debug;
		};
		3F1F34881D2D875B0042AF8F /* Release */ = {
			isa = XCBuildConfiguration;
			buildSettings = {
				ASSETCATALOG_COMPILER_APPICON_NAME = AppIcon;
				CODE_SIGN_IDENTITY = "iPhone Developer";
				"CODE_SIGN_IDENTITY[sdk=iphoneos*]" = "iPhone Developer";
				INFOPLIST_FILE = "Bullet Hell v2/Info.plist";
				LD_RUNPATH_SEARCH_PATHS = "$(inherited) @executable_path/Frameworks";
				PRODUCT_BUNDLE_IDENTIFIER = "com.rahul.Bullet-Hell-v2";
				PRODUCT_NAME = "$(TARGET_NAME)";
				PROVISIONING_PROFILE = "";
				SWIFT_SWIFT3_OBJC_INFERENCE = Default;
				SWIFT_VERSION = 4.0;
			};
			name = Release;
		};
		3F1F348A1D2D875B0042AF8F /* Debug */ = {
			isa = XCBuildConfiguration;
			buildSettings = {
				BUNDLE_LOADER = "$(TEST_HOST)";
				DEBUG_INFORMATION_FORMAT = dwarf;
				INFOPLIST_FILE = "Bullet Hell v2Tests/Info.plist";
				LD_RUNPATH_SEARCH_PATHS = "$(inherited) @executable_path/Frameworks @loader_path/Frameworks";
				PRODUCT_BUNDLE_IDENTIFIER = "com.rahul.Bullet-Hell-v2Tests";
				PRODUCT_NAME = "$(TARGET_NAME)";
				SWIFT_SWIFT3_OBJC_INFERENCE = On;
				SWIFT_VERSION = 4.0;
				TEST_HOST = "$(BUILT_PRODUCTS_DIR)/Bullet Hell v2.app/Bullet Hell v2";
			};
			name = Debug;
		};
		3F1F348B1D2D875B0042AF8F /* Release */ = {
			isa = XCBuildConfiguration;
			buildSettings = {
				BUNDLE_LOADER = "$(TEST_HOST)";
				INFOPLIST_FILE = "Bullet Hell v2Tests/Info.plist";
				LD_RUNPATH_SEARCH_PATHS = "$(inherited) @executable_path/Frameworks @loader_path/Frameworks";
				PRODUCT_BUNDLE_IDENTIFIER = "com.rahul.Bullet-Hell-v2Tests";
				PRODUCT_NAME = "$(TARGET_NAME)";
				SWIFT_SWIFT3_OBJC_INFERENCE = On;
				SWIFT_VERSION = 4.0;
				TEST_HOST = "$(BUILT_PRODUCTS_DIR)/Bullet Hell v2.app/Bullet Hell v2";
			};
			name = Release;
		};
		3F1F348D1D2D875B0042AF8F /* Debug */ = {
			isa = XCBuildConfiguration;
			buildSettings = {
				DEBUG_INFORMATION_FORMAT = dwarf;
				INFOPLIST_FILE = "Bullet Hell v2UITests/Info.plist";
				LD_RUNPATH_SEARCH_PATHS = "$(inherited) @executable_path/Frameworks @loader_path/Frameworks";
				PRODUCT_BUNDLE_IDENTIFIER = "com.rahul.Bullet-Hell-v2UITests";
				PRODUCT_NAME = "$(TARGET_NAME)";
				SWIFT_SWIFT3_OBJC_INFERENCE = On;
				SWIFT_VERSION = 4.0;
				TEST_TARGET_NAME = "Bullet Hell v2";
			};
			name = Debug;
		};
		3F1F348E1D2D875B0042AF8F /* Release */ = {
			isa = XCBuildConfiguration;
			buildSettings = {
				INFOPLIST_FILE = "Bullet Hell v2UITests/Info.plist";
				LD_RUNPATH_SEARCH_PATHS = "$(inherited) @executable_path/Frameworks @loader_path/Frameworks";
				PRODUCT_BUNDLE_IDENTIFIER = "com.rahul.Bullet-Hell-v2UITests";
				PRODUCT_NAME = "$(TARGET_NAME)";
				SWIFT_SWIFT3_OBJC_INFERENCE = On;
				SWIFT_VERSION = 4.0;
				TEST_TARGET_NAME = "Bullet Hell v2";
			};
			name = Release;
		};
/* End XCBuildConfiguration section */

/* Begin XCConfigurationList section */
		3F1F34551D2D875B0042AF8F /* Build configuration list for PBXProject "Bullet Hell v2" */ = {
			isa = XCConfigurationList;
			buildConfigurations = (
				3F1F34841D2D875B0042AF8F /* Debug */,
				3F1F34851D2D875B0042AF8F /* Release */,
			);
			defaultConfigurationIsVisible = 0;
			defaultConfigurationName = Release;
		};
		3F1F34861D2D875B0042AF8F /* Build configuration list for PBXNativeTarget "Bullet Hell v2" */ = {
			isa = XCConfigurationList;
			buildConfigurations = (
				3F1F34871D2D875B0042AF8F /* Debug */,
				3F1F34881D2D875B0042AF8F /* Release */,
			);
			defaultConfigurationIsVisible = 0;
			defaultConfigurationName = Release;
		};
		3F1F34891D2D875B0042AF8F /* Build configuration list for PBXNativeTarget "Bullet Hell v2Tests" */ = {
			isa = XCConfigurationList;
			buildConfigurations = (
				3F1F348A1D2D875B0042AF8F /* Debug */,
				3F1F348B1D2D875B0042AF8F /* Release */,
			);
			defaultConfigurationIsVisible = 0;
			defaultConfigurationName = Release;
		};
		3F1F348C1D2D875B0042AF8F /* Build configuration list for PBXNativeTarget "Bullet Hell v2UITests" */ = {
			isa = XCConfigurationList;
			buildConfigurations = (
				3F1F348D1D2D875B0042AF8F /* Debug */,
				3F1F348E1D2D875B0042AF8F /* Release */,
			);
			defaultConfigurationIsVisible = 0;
			defaultConfigurationName = Release;
		};
/* End XCConfigurationList section */
	};
	rootObject = 3F1F34521D2D875B0042AF8F /* Project object */;
}
